
Microsoft Visual Studio Solution File, Format Version 12.00
# Visual Studio Version 17
VisualStudioVersion = 17.7.34024.191
MinimumVisualStudioVersion = 10.0.40219.1
Project("{FAE04EC0-301F-11D3-BF4B-00C04F79EFBC}") = "vize_projesi", "vize_projesi.csproj", "{16C339A7-6A61-4F47-B9F4-9594126772D6}"
EndProject
Global
	GlobalSection(SolutionConfigurationPlatforms) = preSolution
		Debug|Any CPU = Debug|Any CPU
		Release|Any CPU = Release|Any CPU
	EndGlobalSection
	GlobalSection(ProjectConfigurationPlatforms) = postSolution
		{16C339A7-6A61-4F47-B9F4-9594126772D6}.Debug|Any CPU.ActiveCfg = Debug|Any CPU
		{16C339A7-6A61-4F47-B9F4-9594126772D6}.Debug|Any CPU.Build.0 = Debug|Any CPU
		{16C339A7-6A61-4F47-B9F4-9594126772D6}.Release|Any CPU.ActiveCfg = Release|Any CPU
		{16C339A7-6A61-4F47-B9F4-9594126772D6}.Release|Any CPU.Build.0 = Release|Any CPU
	EndGlobalSection
	GlobalSection(SolutionProperties) = preSolution
		HideSolutionNode = FALSE
	EndGlobalSection
	GlobalSection(ExtensibilityGlobals) = postSolution
		SolutionGuid = {809278F3-D8F9-4133-B405-A7C02ADD7DF0}
	EndGlobalSection
EndGlobal
